
Microsoft Visual Studio Solution File, Format Version 12.00
# Visual Studio Version 17
VisualStudioVersion = 17.0.32014.148
MinimumVisualStudioVersion = 10.0.40219.1
Project("{FAE04EC0-301F-11D3-BF4B-00C04F79EFBC}") = "XwaOpzTrianglesFixer", "XwaOpzTrianglesFixer\XwaOpzTrianglesFixer.csproj", "{73BF472A-415F-4669-96DB-A0F53C9F6637}"
EndProject
Global
	GlobalSection(SolutionConfigurationPlatforms) = preSolution
		Debug|Any CPU = Debug|Any CPU
		Release|Any CPU = Release|Any CPU
	EndGlobalSection
	GlobalSection(ProjectConfigurationPlatforms) = postSolution
		{73BF472A-415F-4669-96DB-A0F53C9F6637}.Debug|Any CPU.ActiveCfg = Debug|Any CPU
		{73BF472A-415F-4669-96DB-A0F53C9F6637}.Debug|Any CPU.Build.0 = Debug|Any CPU
		{73BF472A-415F-4669-96DB-A0F53C9F6637}.Release|Any CPU.ActiveCfg = Release|Any CPU
		{73BF472A-415F-4669-96DB-A0F53C9F6637}.Release|Any CPU.Build.0 = Release|Any CPU
	EndGlobalSection
	GlobalSection(SolutionProperties) = preSolution
		HideSolutionNode = FALSE
	EndGlobalSection
	GlobalSection(ExtensibilityGlobals) = postSolution
		SolutionGuid = {E5A6CC6C-8F5F-441B-B758-C4FBB4A090C0}
	EndGlobalSection
EndGlobal
